// !$*UTF8*$!
{
	archiveVersion = 1;
	classes = {
	};
	objectVersion = 46;
	objects = {

/* Begin PBXBuildFile section */
		2684832D1C06B30400247EBB /* AppDelegate.swift in Sources */ = {isa = PBXBuildFile; fileRef = 2684832C1C06B30400247EBB /* AppDelegate.swift */; };
		2684832F1C06B30400247EBB /* ViewController.swift in Sources */ = {isa = PBXBuildFile; fileRef = 2684832E1C06B30400247EBB /* ViewController.swift */; };
		268483321C06B30400247EBB /* Main.storyboard in Resources */ = {isa = PBXBuildFile; fileRef = 268483301C06B30400247EBB /* Main.storyboard */; };
		268483341C06B30400247EBB /* Assets.xcassets in Resources */ = {isa = PBXBuildFile; fileRef = 268483331C06B30400247EBB /* Assets.xcassets */; };
		268483371C06B30400247EBB /* LaunchScreen.storyboard in Resources */ = {isa = PBXBuildFile; fileRef = 268483351C06B30400247EBB /* LaunchScreen.storyboard */; };
		268483421C06B30400247EBB /* FoodTrackerTests.swift in Sources */ = {isa = PBXBuildFile; fileRef = 268483411C06B30400247EBB /* FoodTrackerTests.swift */; };
		2684834D1C06B30400247EBB /* FoodTrackerUITests.swift in Sources */ = {isa = PBXBuildFile; fileRef = 2684834C1C06B30400247EBB /* FoodTrackerUITests.swift */; };
		2684835B1C080AA300247EBB /* RatingControl.swift in Sources */ = {isa = PBXBuildFile; fileRef = 2684835A1C080AA300247EBB /* RatingControl.swift */; };
		2684835D1C09661A00247EBB /* Meal.swift in Sources */ = {isa = PBXBuildFile; fileRef = 2684835C1C09661A00247EBB /* Meal.swift */; };
		2684835E1C09661A00247EBB /* Meal.swift in Sources */ = {isa = PBXBuildFile; fileRef = 2684835C1C09661A00247EBB /* Meal.swift */; };
		268483601C097B3A00247EBB /* testPhoto.jpg in Resources */ = {isa = PBXBuildFile; fileRef = 2684835F1C097B3A00247EBB /* testPhoto.jpg */; };
		268483611C097B3A00247EBB /* testPhoto.jpg in Resources */ = {isa = PBXBuildFile; fileRef = 2684835F1C097B3A00247EBB /* testPhoto.jpg */; };
		268483651C0A11A800247EBB /* MealTableViewCell.swift in Sources */ = {isa = PBXBuildFile; fileRef = 268483641C0A11A800247EBB /* MealTableViewCell.swift */; };
		268483661C0A11A800247EBB /* MealTableViewCell.swift in Sources */ = {isa = PBXBuildFile; fileRef = 268483641C0A11A800247EBB /* MealTableViewCell.swift */; };
		268483681C0A17C000247EBB /* MealTableViewController.swift in Sources */ = {isa = PBXBuildFile; fileRef = 268483671C0A17C000247EBB /* MealTableViewController.swift */; };
		268483691C0A17C000247EBB /* MealTableViewController.swift in Sources */ = {isa = PBXBuildFile; fileRef = 268483671C0A17C000247EBB /* MealTableViewController.swift */; };
/* End PBXBuildFile section */

/* Begin PBXContainerItemProxy section */
		2684833E1C06B30400247EBB /* PBXContainerItemProxy */ = {
			isa = PBXContainerItemProxy;
			containerPortal = 268483211C06B30400247EBB /* Project object */;
			proxyType = 1;
			remoteGlobalIDString = 268483281C06B30400247EBB;
			remoteInfo = FoodTracker;
		};
		268483491C06B30400247EBB /* PBXContainerItemProxy */ = {
			isa = PBXContainerItemProxy;
			containerPortal = 268483211C06B30400247EBB /* Project object */;
			proxyType = 1;
			remoteGlobalIDString = 268483281C06B30400247EBB;
			remoteInfo = FoodTracker;
		};
/* End PBXContainerItemProxy section */

/* Begin PBXFileReference section */
		268483291C06B30400247EBB /* FoodTracker.app */ = {isa = PBXFileReference; explicitFileType = wrapper.application; includeInIndex = 0; path = FoodTracker.app; sourceTree = BUILT_PRODUCTS_DIR; };
		2684832C1C06B30400247EBB /* AppDelegate.swift */ = {isa = PBXFileReference; lastKnownFileType = sourcecode.swift; path = AppDelegate.swift; sourceTree = "<group>"; };
		2684832E1C06B30400247EBB /* ViewController.swift */ = {isa = PBXFileReference; lastKnownFileType = sourcecode.swift; path = ViewController.swift; sourceTree = "<group>"; };
		268483311C06B30400247EBB /* Base */ = {isa = PBXFileReference; lastKnownFileType = file.storyboard; name = Base; path = Base.lproj/Main.storyboard; sourceTree = "<group>"; };
		268483331C06B30400247EBB /* Assets.xcassets */ = {isa = PBXFileReference; lastKnownFileType = folder.assetcatalog; path = Assets.xcassets; sourceTree = "<group>"; };
		268483361C06B30400247EBB /* Base */ = {isa = PBXFileReference; lastKnownFileType = file.storyboard; name = Base; path = Base.lproj/LaunchScreen.storyboard; sourceTree = "<group>"; };
		268483381C06B30400247EBB /* Info.plist */ = {isa = PBXFileReference; lastKnownFileType = text.plist.xml; path = Info.plist; sourceTree = "<group>"; };
		2684833D1C06B30400247EBB /* FoodTrackerTests.xctest */ = {isa = PBXFileReference; explicitFileType = wrapper.cfbundle; includeInIndex = 0; path = FoodTrackerTests.xctest; sourceTree = BUILT_PRODUCTS_DIR; };
		268483411C06B30400247EBB /* FoodTrackerTests.swift */ = {isa = PBXFileReference; lastKnownFileType = sourcecode.swift; path = FoodTrackerTests.swift; sourceTree = "<group>"; };
		268483431C06B30400247EBB /* Info.plist */ = {isa = PBXFileReference; lastKnownFileType = text.plist.xml; path = Info.plist; sourceTree = "<group>"; };
		268483481C06B30400247EBB /* FoodTrackerUITests.xctest */ = {isa = PBXFileReference; explicitFileType = wrapper.cfbundle; includeInIndex = 0; path = FoodTrackerUITests.xctest; sourceTree = BUILT_PRODUCTS_DIR; };
		2684834C1C06B30400247EBB /* FoodTrackerUITests.swift */ = {isa = PBXFileReference; lastKnownFileType = sourcecode.swift; path = FoodTrackerUITests.swift; sourceTree = "<group>"; };
		2684834E1C06B30400247EBB /* Info.plist */ = {isa = PBXFileReference; lastKnownFileType = text.plist.xml; path = Info.plist; sourceTree = "<group>"; };
		2684835A1C080AA300247EBB /* RatingControl.swift */ = {isa = PBXFileReference; fileEncoding = 4; lastKnownFileType = sourcecode.swift; path = RatingControl.swift; sourceTree = "<group>"; };
		2684835C1C09661A00247EBB /* Meal.swift */ = {isa = PBXFileReference; fileEncoding = 4; lastKnownFileType = sourcecode.swift; path = Meal.swift; sourceTree = "<group>"; };
		2684835F1C097B3A00247EBB /* testPhoto.jpg */ = {isa = PBXFileReference; lastKnownFileType = image.jpeg; path = testPhoto.jpg; sourceTree = "<group>"; };
		268483641C0A11A800247EBB /* MealTableViewCell.swift */ = {isa = PBXFileReference; fileEncoding = 4; lastKnownFileType = sourcecode.swift; path = MealTableViewCell.swift; sourceTree = "<group>"; };
		268483671C0A17C000247EBB /* MealTableViewController.swift */ = {isa = PBXFileReference; fileEncoding = 4; lastKnownFileType = sourcecode.swift; path = MealTableViewController.swift; sourceTree = "<group>"; };
/* End PBXFileReference section */

/* Begin PBXFrameworksBuildPhase section */
		268483261C06B30400247EBB /* Frameworks */ = {
			isa = PBXFrameworksBuildPhase;
			buildActionMask = 2147483647;
			files = (
			);
			runOnlyForDeploymentPostprocessing = 0;
		};
		2684833A1C06B30400247EBB /* Frameworks */ = {
			isa = PBXFrameworksBuildPhase;
			buildActionMask = 2147483647;
			files = (
			);
			runOnlyForDeploymentPostprocessing = 0;
		};
		268483451C06B30400247EBB /* Frameworks */ = {
			isa = PBXFrameworksBuildPhase;
			buildActionMask = 2147483647;
			files = (
			);
			runOnlyForDeploymentPostprocessing = 0;
		};
/* End PBXFrameworksBuildPhase section */

/* Begin PBXGroup section */
		268483201C06B30400247EBB = {
			isa = PBXGroup;
			children = (
				268483641C0A11A800247EBB /* MealTableViewCell.swift */,
				2684832B1C06B30400247EBB /* FoodTracker */,
				268483401C06B30400247EBB /* FoodTrackerTests */,
				2684834B1C06B30400247EBB /* FoodTrackerUITests */,
				2684832A1C06B30400247EBB /* Products */,
			);
			sourceTree = "<group>";
		};
		2684832A1C06B30400247EBB /* Products */ = {
			isa = PBXGroup;
			children = (
				268483291C06B30400247EBB /* FoodTracker.app */,
				2684833D1C06B30400247EBB /* FoodTrackerTests.xctest */,
				268483481C06B30400247EBB /* FoodTrackerUITests.xctest */,
			);
			name = Products;
			sourceTree = "<group>";
		};
		2684832B1C06B30400247EBB /* FoodTracker */ = {
			isa = PBXGroup;
			children = (
				2684832C1C06B30400247EBB /* AppDelegate.swift */,
				2684832E1C06B30400247EBB /* ViewController.swift */,
				268483301C06B30400247EBB /* Main.storyboard */,
				2684835A1C080AA300247EBB /* RatingControl.swift */,
				268483331C06B30400247EBB /* Assets.xcassets */,
				268483671C0A17C000247EBB /* MealTableViewController.swift */,
				2684835C1C09661A00247EBB /* Meal.swift */,
				268483351C06B30400247EBB /* LaunchScreen.storyboard */,
				268483381C06B30400247EBB /* Info.plist */,
			);
			path = FoodTracker;
			sourceTree = "<group>";
		};
		268483401C06B30400247EBB /* FoodTrackerTests */ = {
			isa = PBXGroup;
			children = (
				2684835F1C097B3A00247EBB /* testPhoto.jpg */,
				268483411C06B30400247EBB /* FoodTrackerTests.swift */,
				268483431C06B30400247EBB /* Info.plist */,
			);
			path = FoodTrackerTests;
			sourceTree = "<group>";
		};
		2684834B1C06B30400247EBB /* FoodTrackerUITests */ = {
			isa = PBXGroup;
			children = (
				2684834C1C06B30400247EBB /* FoodTrackerUITests.swift */,
				2684834E1C06B30400247EBB /* Info.plist */,
			);
			path = FoodTrackerUITests;
			sourceTree = "<group>";
		};
/* End PBXGroup section */

/* Begin PBXNativeTarget section */
		268483281C06B30400247EBB /* FoodTracker */ = {
			isa = PBXNativeTarget;
			buildConfigurationList = 268483511C06B30400247EBB /* Build configuration list for PBXNativeTarget "FoodTracker" */;
			buildPhases = (
				268483251C06B30400247EBB /* Sources */,
				268483261C06B30400247EBB /* Frameworks */,
				268483271C06B30400247EBB /* Resources */,
			);
			buildRules = (
			);
			dependencies = (
			);
			name = FoodTracker;
			productName = FoodTracker;
			productReference = 268483291C06B30400247EBB /* FoodTracker.app */;
			productType = "com.apple.product-type.application";
		};
		2684833C1C06B30400247EBB /* FoodTrackerTests */ = {
			isa = PBXNativeTarget;
			buildConfigurationList = 268483541C06B30400247EBB /* Build configuration list for PBXNativeTarget "FoodTrackerTests" */;
			buildPhases = (
				268483391C06B30400247EBB /* Sources */,
				2684833A1C06B30400247EBB /* Frameworks */,
				2684833B1C06B30400247EBB /* Resources */,
			);
			buildRules = (
			);
			dependencies = (
				2684833F1C06B30400247EBB /* PBXTargetDependency */,
			);
			name = FoodTrackerTests;
			productName = FoodTrackerTests;
			productReference = 2684833D1C06B30400247EBB /* FoodTrackerTests.xctest */;
			productType = "com.apple.product-type.bundle.unit-test";
		};
		268483471C06B30400247EBB /* FoodTrackerUITests */ = {
			isa = PBXNativeTarget;
			buildConfigurationList = 268483571C06B30400247EBB /* Build configuration list for PBXNativeTarget "FoodTrackerUITests" */;
			buildPhases = (
				268483441C06B30400247EBB /* Sources */,
				268483451C06B30400247EBB /* Frameworks */,
				268483461C06B30400247EBB /* Resources */,
			);
			buildRules = (
			);
			dependencies = (
				2684834A1C06B30400247EBB /* PBXTargetDependency */,
			);
			name = FoodTrackerUITests;
			productName = FoodTrackerUITests;
			productReference = 268483481C06B30400247EBB /* FoodTrackerUITests.xctest */;
			productType = "com.apple.product-type.bundle.ui-testing";
		};
/* End PBXNativeTarget section */

/* Begin PBXProject section */
		268483211C06B30400247EBB /* Project object */ = {
			isa = PBXProject;
			attributes = {
				LastSwiftUpdateCheck = 0710;
				LastUpgradeCheck = 0710;
				ORGANIZATIONNAME = "Todd Pickell";
				TargetAttributes = {
					268483281C06B30400247EBB = {
						CreatedOnToolsVersion = 7.1.1;
					};
					2684833C1C06B30400247EBB = {
						CreatedOnToolsVersion = 7.1.1;
						TestTargetID = 268483281C06B30400247EBB;
					};
					268483471C06B30400247EBB = {
						CreatedOnToolsVersion = 7.1.1;
						TestTargetID = 268483281C06B30400247EBB;
					};
				};
			};
			buildConfigurationList = 268483241C06B30400247EBB /* Build configuration list for PBXProject "FoodTracker" */;
			compatibilityVersion = "Xcode 3.2";
			developmentRegion = English;
			hasScannedForEncodings = 0;
			knownRegions = (
				en,
				Base,
			);
			mainGroup = 268483201C06B30400247EBB;
			productRefGroup = 2684832A1C06B30400247EBB /* Products */;
			projectDirPath = "";
			projectRoot = "";
			targets = (
				268483281C06B30400247EBB /* FoodTracker */,
				2684833C1C06B30400247EBB /* FoodTrackerTests */,
				268483471C06B30400247EBB /* FoodTrackerUITests */,
			);
		};
/* End PBXProject section */

/* Begin PBXResourcesBuildPhase section */
		268483271C06B30400247EBB /* Resources */ = {
			isa = PBXResourcesBuildPhase;
			buildActionMask = 2147483647;
			files = (
				268483371C06B30400247EBB /* LaunchScreen.storyboard in Resources */,
				268483341C06B30400247EBB /* Assets.xcassets in Resources */,
				268483601C097B3A00247EBB /* testPhoto.jpg in Resources */,
				268483321C06B30400247EBB /* Main.storyboard in Resources */,
			);
			runOnlyForDeploymentPostprocessing = 0;
		};
		2684833B1C06B30400247EBB /* Resources */ = {
			isa = PBXResourcesBuildPhase;
			buildActionMask = 2147483647;
			files = (
				268483611C097B3A00247EBB /* testPhoto.jpg in Resources */,
			);
			runOnlyForDeploymentPostprocessing = 0;
		};
		268483461C06B30400247EBB /* Resources */ = {
			isa = PBXResourcesBuildPhase;
			buildActionMask = 2147483647;
			files = (
			);
			runOnlyForDeploymentPostprocessing = 0;
		};
/* End PBXResourcesBuildPhase section */

/* Begin PBXSourcesBuildPhase section */
		268483251C06B30400247EBB /* Sources */ = {
			isa = PBXSourcesBuildPhase;
			buildActionMask = 2147483647;
			files = (
				2684835D1C09661A00247EBB /* Meal.swift in Sources */,
				2684832F1C06B30400247EBB /* ViewController.swift in Sources */,
				2684835B1C080AA300247EBB /* RatingControl.swift in Sources */,
				2684832D1C06B30400247EBB /* AppDelegate.swift in Sources */,
				268483681C0A17C000247EBB /* MealTableViewController.swift in Sources */,
				268483651C0A11A800247EBB /* MealTableViewCell.swift in Sources */,
			);
			runOnlyForDeploymentPostprocessing = 0;
		};
		268483391C06B30400247EBB /* Sources */ = {
			isa = PBXSourcesBuildPhase;
			buildActionMask = 2147483647;
			files = (
				2684835E1C09661A00247EBB /* Meal.swift in Sources */,
				268483421C06B30400247EBB /* FoodTrackerTests.swift in Sources */,
				268483691C0A17C000247EBB /* MealTableViewController.swift in Sources */,
				268483661C0A11A800247EBB /* MealTableViewCell.swift in Sources */,
			);
			runOnlyForDeploymentPostprocessing = 0;
		};
		268483441C06B30400247EBB /* Sources */ = {
			isa = PBXSourcesBuildPhase;
			buildActionMask = 2147483647;
			files = (
				2684834D1C06B30400247EBB /* FoodTrackerUITests.swift in Sources */,
			);
			runOnlyForDeploymentPostprocessing = 0;
		};
/* End PBXSourcesBuildPhase section */

/* Begin PBXTargetDependency section */
		2684833F1C06B30400247EBB /* PBXTargetDependency */ = {
			isa = PBXTargetDependency;
			target = 268483281C06B30400247EBB /* FoodTracker */;
			targetProxy = 2684833E1C06B30400247EBB /* PBXContainerItemProxy */;
		};
		2684834A1C06B30400247EBB /* PBXTargetDependency */ = {
			isa = PBXTargetDependency;
			target = 268483281C06B30400247EBB /* FoodTracker */;
			targetProxy = 268483491C06B30400247EBB /* PBXContainerItemProxy */;
		};
/* End PBXTargetDependency section */

/* Begin PBXVariantGroup section */
		268483301C06B30400247EBB /* Main.storyboard */ = {
			isa = PBXVariantGroup;
			children = (
				268483311C06B30400247EBB /* Base */,
			);
			name = Main.storyboard;
			sourceTree = "<group>";
		};
		268483351C06B30400247EBB /* LaunchScreen.storyboard */ = {
			isa = PBXVariantGroup;
			children = (
				268483361C06B30400247EBB /* Base */,
			);
			name = LaunchScreen.storyboard;
			sourceTree = "<group>";
		};
/* End PBXVariantGroup section */

/* Begin XCBuildConfiguration section */
		2684834F1C06B30400247EBB /* Debug */ = {
			isa = XCBuildConfiguration;
			buildSettings = {
				ALWAYS_SEARCH_USER_PATHS = NO;
				CLANG_CXX_LANGUAGE_STANDARD = "gnu++0x";
				CLANG_CXX_LIBRARY = "libc++";
				CLANG_ENABLE_MODULES = YES;
				CLANG_ENABLE_OBJC_ARC = YES;
				CLANG_WARN_BOOL_CONVERSION = YES;
				CLANG_WARN_CONSTANT_CONVERSION = YES;
				CLANG_WARN_DIRECT_OBJC_ISA_USAGE = YES_ERROR;
				CLANG_WARN_EMPTY_BODY = YES;
				CLANG_WARN_ENUM_CONVERSION = YES;
				CLANG_WARN_INT_CONVERSION = YES;
				CLANG_WARN_OBJC_ROOT_CLASS = YES_ERROR;
				CLANG_WARN_UNREACHABLE_CODE = YES;
				CLANG_WARN__DUPLICATE_METHOD_MATCH = YES;
				"CODE_SIGN_IDENTITY[sdk=iphoneos*]" = "iPhone Developer";
				COPY_PHASE_STRIP = NO;
				DEBUG_INFORMATION_FORMAT = dwarf;
				ENABLE_STRICT_OBJC_MSGSEND = YES;
				ENABLE_TESTABILITY = YES;
				GCC_C_LANGUAGE_STANDARD = gnu99;
				GCC_DYNAMIC_NO_PIC = NO;
				GCC_NO_COMMON_BLOCKS = YES;
				GCC_OPTIMIZATION_LEVEL = 0;
				GCC_PREPROCESSOR_DEFINITIONS = (
					"DEBUG=1",
					"$(inherited)",
				);
				GCC_WARN_64_TO_32_BIT_CONVERSION = YES;
				GCC_WARN_ABOUT_RETURN_TYPE = YES_ERROR;
				GCC_WARN_UNDECLARED_SELECTOR = YES;
				GCC_WARN_UNINITIALIZED_AUTOS = YES_AGGRESSIVE;
				GCC_WARN_UNUSED_FUNCTION = YES;
				GCC_WARN_UNUSED_VARIABLE = YES;
				IPHONEOS_DEPLOYMENT_TARGET = 9.1;
				MTL_ENABLE_DEBUG_INFO = YES;
				ONLY_ACTIVE_ARCH = YES;
				SDKROOT = iphoneos;
				SWIFT_OPTIMIZATION_LEVEL = "-Onone";
				TARGETED_DEVICE_FAMILY = "1,2";
			};
			name = Debug;
		};
		268483501C06B30400247EBB /* Release */ = {
			isa = XCBuildConfiguration;
			buildSettings = {
				ALWAYS_SEARCH_USER_PATHS = NO;
				CLANG_CXX_LANGUAGE_STANDARD = "gnu++0x";
				CLANG_CXX_LIBRARY = "libc++";
				CLANG_ENABLE_MODULES = YES;
				CLANG_ENABLE_OBJC_ARC = YES;
				CLANG_WARN_BOOL_CONVERSION = YES;
				CLANG_WARN_CONSTANT_CONVERSION = YES;
				CLANG_WARN_DIRECT_OBJC_ISA_USAGE = YES_ERROR;
				CLANG_WARN_EMPTY_BODY = YES;
				CLANG_WARN_ENUM_CONVERSION = YES;
				CLANG_WARN_INT_CONVERSION = YES;
				CLANG_WARN_OBJC_ROOT_CLASS = YES_ERROR;
				CLANG_WARN_UNREACHABLE_CODE = YES;
				CLANG_WARN__DUPLICATE_METHOD_MATCH = YES;
				"CODE_SIGN_IDENTITY[sdk=iphoneos*]" = "iPhone Developer";
				COPY_PHASE_STRIP = NO;
				DEBUG_INFORMATION_FORMAT = "dwarf-with-dsym";
				ENABLE_NS_ASSERTIONS = NO;
				ENABLE_STRICT_OBJC_MSGSEND = YES;
				GCC_C_LANGUAGE_STANDARD = gnu99;
				GCC_NO_COMMON_BLOCKS = YES;
				GCC_WARN_64_TO_32_BIT_CONVERSION = YES;
				GCC_WARN_ABOUT_RETURN_TYPE = YES_ERROR;
				GCC_WARN_UNDECLARED_SELECTOR = YES;
				GCC_WARN_UNINITIALIZED_AUTOS = YES_AGGRESSIVE;
				GCC_WARN_UNUSED_FUNCTION = YES;
				GCC_WARN_UNUSED_VARIABLE = YES;
				IPHONEOS_DEPLOYMENT_TARGET = 9.1;
				MTL_ENABLE_DEBUG_INFO = NO;
				SDKROOT = iphoneos;
				TARGETED_DEVICE_FAMILY = "1,2";
				VALIDATE_PRODUCT = YES;
			};
			name = Release;
		};
		268483521C06B30400247EBB /* Debug */ = {
			isa = XCBuildConfiguration;
			buildSettings = {
				ASSETCATALOG_COMPILER_APPICON_NAME = AppIcon;
				INFOPLIST_FILE = FoodTracker/Info.plist;
				LD_RUNPATH_SEARCH_PATHS = "$(inherited) @executable_path/Frameworks";
				PRODUCT_BUNDLE_IDENTIFIER = me.toddpickell.FoodTracker;
				PRODUCT_NAME = "$(TARGET_NAME)";
			};
			name = Debug;
		};
		268483531C06B30400247EBB /* Release */ = {
			isa = XCBuildConfiguration;
			buildSettings = {
				ASSETCATALOG_COMPILER_APPICON_NAME = AppIcon;
				INFOPLIST_FILE = FoodTracker/Info.plist;
				LD_RUNPATH_SEARCH_PATHS = "$(inherited) @executable_path/Frameworks";
				PRODUCT_BUNDLE_IDENTIFIER = me.toddpickell.FoodTracker;
				PRODUCT_NAME = "$(TARGET_NAME)";
			};
			name = Release;
		};
		268483551C06B30400247EBB /* Debug */ = {
			isa = XCBuildConfiguration;
			buildSettings = {
				BUNDLE_LOADER = "$(TEST_HOST)";
				INFOPLIST_FILE = FoodTrackerTests/Info.plist;
				LD_RUNPATH_SEARCH_PATHS = "$(inherited) @executable_path/Frameworks @loader_path/Frameworks";
				PRODUCT_BUNDLE_IDENTIFIER = me.toddpickell.FoodTrackerTests;
				PRODUCT_NAME = "$(TARGET_NAME)";
				TEST_HOST = "$(BUILT_PRODUCTS_DIR)/FoodTracker.app/FoodTracker";
			};
			name = Debug;
		};
		268483561C06B30400247EBB /* Release */ = {
			isa = XCBuildConfiguration;
			buildSettings = {
				BUNDLE_LOADER = "$(TEST_HOST)";
				INFOPLIST_FILE = FoodTrackerTests/Info.plist;
				LD_RUNPATH_SEARCH_PATHS = "$(inherited) @executable_path/Frameworks @loader_path/Frameworks";
				PRODUCT_BUNDLE_IDENTIFIER = me.toddpickell.FoodTrackerTests;
				PRODUCT_NAME = "$(TARGET_NAME)";
				TEST_HOST = "$(BUILT_PRODUCTS_DIR)/FoodTracker.app/FoodTracker";
			};
			name = Release;
		};
		268483581C06B30400247EBB /* Debug */ = {
			isa = XCBuildConfiguration;
			buildSettings = {
				INFOPLIST_FILE = FoodTrackerUITests/Info.plist;
				LD_RUNPATH_SEARCH_PATHS = "$(inherited) @executable_path/Frameworks @loader_path/Frameworks";
				PRODUCT_BUNDLE_IDENTIFIER = me.toddpickell.FoodTrackerUITests;
				PRODUCT_NAME = "$(TARGET_NAME)";
				TEST_TARGET_NAME = FoodTracker;
				USES_XCTRUNNER = YES;
			};
			name = Debug;
		};
		268483591C06B30400247EBB /* Release */ = {
			isa = XCBuildConfiguration;
			buildSettings = {
				INFOPLIST_FILE = FoodTrackerUITests/Info.plist;
				LD_RUNPATH_SEARCH_PATHS = "$(inherited) @executable_path/Frameworks @loader_path/Frameworks";
				PRODUCT_BUNDLE_IDENTIFIER = me.toddpickell.FoodTrackerUITests;
				PRODUCT_NAME = "$(TARGET_NAME)";
				TEST_TARGET_NAME = FoodTracker;
				USES_XCTRUNNER = YES;
			};
			name = Release;
		};
/* End XCBuildConfiguration section */

/* Begin XCConfigurationList section */
		268483241C06B30400247EBB /* Build configuration list for PBXProject "FoodTracker" */ = {
			isa = XCConfigurationList;
			buildConfigurations = (
				2684834F1C06B30400247EBB /* Debug */,
				268483501C06B30400247EBB /* Release */,
			);
			defaultConfigurationIsVisible = 0;
			defaultConfigurationName = Release;
		};
		268483511C06B30400247EBB /* Build configuration list for PBXNativeTarget "FoodTracker" */ = {
			isa = XCConfigurationList;
			buildConfigurations = (
				268483521C06B30400247EBB /* Debug */,
				268483531C06B30400247EBB /* Release */,
			);
			defaultConfigurationIsVisible = 0;
		};
		268483541C06B30400247EBB /* Build configuration list for PBXNativeTarget "FoodTrackerTests" */ = {
			isa = XCConfigurationList;
			buildConfigurations = (
				268483551C06B30400247EBB /* Debug */,
				268483561C06B30400247EBB /* Release */,
			);
			defaultConfigurationIsVisible = 0;
		};
		268483571C06B30400247EBB /* Build configuration list for PBXNativeTarget "FoodTrackerUITests" */ = {
			isa = XCConfigurationList;
			buildConfigurations = (
				268483581C06B30400247EBB /* Debug */,
				268483591C06B30400247EBB /* Release */,
			);
			defaultConfigurationIsVisible = 0;
		};
/* End XCConfigurationList section */
	};
	rootObject = 268483211C06B30400247EBB /* Project object */;
}
